
Microsoft Visual Studio Solution File, Format Version 11.00
# Visual Studio 2010
Project("{8BC9CEB8-8B4A-11D0-8D11-00A0C91BC942}") = "SyncMultiSock", "SyncMultiSock\SyncMultiSock.vcxproj", "{1BA34CF0-37D7-4E2A-BCBA-2973E2D19536}"
EndProject
Global
	GlobalSection(SolutionConfigurationPlatforms) = preSolution
		Debug|Win32 = Debug|Win32
		Release|Win32 = Release|Win32
	EndGlobalSection
	GlobalSection(ProjectConfigurationPlatforms) = postSolution
		{1BA34CF0-37D7-4E2A-BCBA-2973E2D19536}.Debug|Win32.ActiveCfg = Debug|Win32
		{1BA34CF0-37D7-4E2A-BCBA-2973E2D19536}.Debug|Win32.Build.0 = Debug|Win32
		{1BA34CF0-37D7-4E2A-BCBA-2973E2D19536}.Release|Win32.ActiveCfg = Release|Win32
		{1BA34CF0-37D7-4E2A-BCBA-2973E2D19536}.Release|Win32.Build.0 = Release|Win32
	EndGlobalSection
	GlobalSection(SolutionProperties) = preSolution
		HideSolutionNode = FALSE
	EndGlobalSection
EndGlobal
